
Microsoft Visual Studio Solution File, Format Version 12.00
# Visual Studio Version 17
VisualStudioVersion = 17.5.33530.505
MinimumVisualStudioVersion = 10.0.40219.1
Project("{9A19103F-16F7-4668-BE54-9A1E7A4F7556}") = "FirstProject", "FirstProject\FirstProject.csproj", "{00FD0DC4-9613-4F38-AEEE-26AC1DB93BB4}"
EndProject
Project("{9A19103F-16F7-4668-BE54-9A1E7A4F7556}") = "PassingParametersToMethod", "PassingParametersToMethod\PassingParametersToMethod.csproj", "{A97CB8A0-19E8-42F0-956D-BFFE7E9B2FFF}"
EndProject
Project("{2150E333-8FDC-42A3-9474-1A3956D46DE8}") = "1. Konsola", "1. Konsola", "{C29530D3-4AFB-4BE4-89B5-7E8E241A62A4}"
EndProject
Project("{2150E333-8FDC-42A3-9474-1A3956D46DE8}") = "01. Podstawy", "01. Podstawy", "{81E5BC46-541C-438E-84CE-17C2203308EF}"
EndProject
Project("{2150E333-8FDC-42A3-9474-1A3956D46DE8}") = "02. Parametry do metody", "02. Parametry do metody", "{ECDE72B4-12B7-4B77-BF05-AFCEF8C97067}"
EndProject
Project("{2150E333-8FDC-42A3-9474-1A3956D46DE8}") = "03. Dziedziczenie i polimorfizm", "03. Dziedziczenie i polimorfizm", "{3B5B7220-2F81-4AB0-8958-610D403A37A6}"
EndProject
Project("{9A19103F-16F7-4668-BE54-9A1E7A4F7556}") = "PolymorphismApp", "PolymorphismApp\PolymorphismApp.csproj", "{34DB4B70-75DF-4D1A-B17B-F19307C26BC8}"
EndProject
Project("{2150E333-8FDC-42A3-9474-1A3956D46DE8}") = "04. Gra", "04. Gra", "{918C535C-B3A2-41E5-950F-187BC08034AA}"
EndProject
Project("{9A19103F-16F7-4668-BE54-9A1E7A4F7556}") = "MoveOnBoardGame", "MoveOnBoardGame\MoveOnBoardGame.csproj", "{9E73EEFD-F6CA-4614-AD39-41A8F9747661}"
EndProject
Project("{2150E333-8FDC-42A3-9474-1A3956D46DE8}") = "05. Kolekcje", "05. Kolekcje", "{4F7B8DB7-B06A-47E3-BA60-251C7B6A455D}"
EndProject
Project("{9A19103F-16F7-4668-BE54-9A1E7A4F7556}") = "TestCollections", "TestCollections\TestCollections.csproj", "{0E308C3C-4B8C-4E16-8BE5-064CCFA91797}"
EndProject
Project("{2150E333-8FDC-42A3-9474-1A3956D46DE8}") = "06. Baza danych", "06. Baza danych", "{30B0D668-B9F9-447B-82E3-5741C7759B09}"
EndProject
Project("{9A19103F-16F7-4668-BE54-9A1E7A4F7556}") = "SchoolApp", "SchoolApp\SchoolApp.csproj", "{C39941D1-21D6-42F1-AFC7-66C297F097ED}"
EndProject
Project("{2150E333-8FDC-42A3-9474-1A3956D46DE8}") = "Egzamin", "Egzamin", "{6432C47F-262F-4D0A-80E2-9F331243F39D}"
EndProject
Project("{2150E333-8FDC-42A3-9474-1A3956D46DE8}") = "2023 styczeń 1", "2023 styczeń 1", "{42405B43-4A39-406F-9870-D3D87E7C6E3C}"
EndProject
Project("{2150E333-8FDC-42A3-9474-1A3956D46DE8}") = "Konsola", "Konsola", "{5248A85C-9BE7-4ED2-A4A8-C14423D90734}"
EndProject
Project("{9A19103F-16F7-4668-BE54-9A1E7A4F7556}") = "NwdConsoleApp", "NwdConsoleApp\NwdConsoleApp.csproj", "{E4B5C93F-583D-469A-A635-518EA77C0B7F}"
EndProject
Project("{2150E333-8FDC-42A3-9474-1A3956D46DE8}") = "07. Zadania", "07. Zadania", "{D6F0F6D1-9202-4736-A10E-70F794D4ED10}"
EndProject
Project("{8BC9CEB8-8B4A-11D0-8D11-00A0C91BC942}") = "TasksConsoleApplication", "TasksConsoleApplication\TasksConsoleApplication.vcxproj", "{4F9B0E8F-DF68-4563-8E9C-E4DC7ACC776C}"
EndProject
Project("{2150E333-8FDC-42A3-9474-1A3956D46DE8}") = "2. Desktopowe", "2. Desktopowe", "{B8AE942F-9D37-423B-9511-9C4229C463FB}"
EndProject
Project("{9A19103F-16F7-4668-BE54-9A1E7A4F7556}") = "FirstAplicationWinFormsApp", "FirstAplicationWinFormsApp\FirstAplicationWinFormsApp.csproj", "{EB175E20-29E8-41DE-B1B4-0BC0185223E6}"
EndProject
Project("{9A19103F-16F7-4668-BE54-9A1E7A4F7556}") = "LayoutWinFormsApp", "LayoutWinFormsApp\LayoutWinFormsApp.csproj", "{6F566AB4-F602-4756-BA51-7B43D6A664C6}"
EndProject
Project("{2150E333-8FDC-42A3-9474-1A3956D46DE8}") = "3. MAUI", "3. MAUI", "{616EA6CC-93D4-4BF3-BA42-2F87BA0258F3}"
EndProject
Project("{9A19103F-16F7-4668-BE54-9A1E7A4F7556}") = "FirstApplicationMauiApp", "FirstApplicationMauiApp\FirstApplicationMauiApp.csproj", "{B111FCF9-4047-4103-85CA-F03579090A84}"
EndProject
Project("{9A19103F-16F7-4668-BE54-9A1E7A4F7556}") = "SimpleCalculatorMauiApp", "SimpleCalculatorMauiApp\SimpleCalculatorMauiApp.csproj", "{A18954F9-AD25-4C62-B43D-B2DF5DE44329}"
EndProject
Project("{9A19103F-16F7-4668-BE54-9A1E7A4F7556}") = "BindingRotationMauiApp", "BindingRotationMauiApp\BindingRotationMauiApp.csproj", "{80F0B04D-C606-4971-9687-BB6F64E937DB}"
EndProject
Project("{9A19103F-16F7-4668-BE54-9A1E7A4F7556}") = "ShowCollectionMauiApp", "ShowCollectionMauiApp\ShowCollectionMauiApp.csproj", "{BC5A3EC8-8F05-489F-9C41-D345C794DBF7}"
EndProject
Project("{9A19103F-16F7-4668-BE54-9A1E7A4F7556}") = "MeasurementConverterMauiApp", "MeasurementConverterMauiApp\MeasurementConverterMauiApp.csproj", "{B59C86CE-C783-4F5F-BD9C-8FF0452B2DC4}"
EndProject
Project("{9A19103F-16F7-4668-BE54-9A1E7A4F7556}") = "CollectionViewMauiApp", "CollectionViewMauiApp\CollectionViewMauiApp.csproj", "{F3C1B813-F896-471C-8C01-4ADF63E532AC}"
EndProject
Project("{9A19103F-16F7-4668-BE54-9A1E7A4F7556}") = "DindingSimpleCalculatorMauiApp", "DindingSimpleCalculatorMauiApp\DindingSimpleCalculatorMauiApp.csproj", "{6EC080E9-1D7E-4B61-84E0-C275BD47BB3D}"
EndProject
Project("{9A19103F-16F7-4668-BE54-9A1E7A4F7556}") = "MvvmSimpleCalculatorMauiApp", "MvvmSimpleCalculatorMauiApp\MvvmSimpleCalculatorMauiApp.csproj", "{C0DF981A-0BB5-4538-BAB8-9152136A4AF5}"
EndProject
Project("{9A19103F-16F7-4668-BE54-9A1E7A4F7556}") = "CalculatorMauiApp", "CalculatorMauiApp\CalculatorMauiApp.csproj", "{16866B89-1036-4CA7-8A63-07634A2FCBF1}"
EndProject
Project("{FAE04EC0-301F-11D3-BF4B-00C04F79EFBC}") = "ConverterMauiApp", "ConverterMauiApp\ConverterMauiApp.csproj", "{42D15093-82CF-4992-939F-3805AB3A6F5A}"
EndProject
Project("{FAE04EC0-301F-11D3-BF4B-00C04F79EFBC}") = "TableReservationMauiApp", "TableReservationMauiApp\TableReservationMauiApp.csproj", "{856B5AB3-07C0-4C98-9202-0AA29852BAB9}"
EndProject
Project("{FAE04EC0-301F-11D3-BF4B-00C04F79EFBC}") = "AutoGenerateConrtollersMauiApp", "AutoGenerateConrtollersMauiApp\AutoGenerateConrtollersMauiApp.csproj", "{D97C4F7C-952D-4EB4-8985-BD17F37B3B9E}"
EndProject
Project("{FAE04EC0-301F-11D3-BF4B-00C04F79EFBC}") = "DiceGameMauiApp", "DiceGameMauiApp\DiceGameMauiApp.csproj", "{48D51484-228D-487B-B718-C5C5335FD31B}"
EndProject
Project("{2150E333-8FDC-42A3-9474-1A3956D46DE8}") = "Egzamin", "Egzamin", "{2D64CC52-29C4-4F1B-B2BD-E4DE28BBBF17}"
EndProject
Project("{FAE04EC0-301F-11D3-BF4B-00C04F79EFBC}") = "QuizMauiApp", "QuizMauiApp\QuizMauiApp.csproj", "{EF30441C-ABC9-4F76-95C7-9E6C345D5799}"
EndProject
Global
	GlobalSection(SolutionConfigurationPlatforms) = preSolution
		Debug|Any CPU = Debug|Any CPU
		Debug|x64 = Debug|x64
		Debug|x86 = Debug|x86
		Release|Any CPU = Release|Any CPU
		Release|x64 = Release|x64
		Release|x86 = Release|x86
	EndGlobalSection
	GlobalSection(ProjectConfigurationPlatforms) = postSolution
		{00FD0DC4-9613-4F38-AEEE-26AC1DB93BB4}.Debug|Any CPU.ActiveCfg = Debug|Any CPU
		{00FD0DC4-9613-4F38-AEEE-26AC1DB93BB4}.Debug|x64.ActiveCfg = Debug|Any CPU
		{00FD0DC4-9613-4F38-AEEE-26AC1DB93BB4}.Debug|x64.Build.0 = Debug|Any CPU
		{00FD0DC4-9613-4F38-AEEE-26AC1DB93BB4}.Debug|x86.ActiveCfg = Debug|Any CPU
		{00FD0DC4-9613-4F38-AEEE-26AC1DB93BB4}.Debug|x86.Build.0 = Debug|Any CPU
		{00FD0DC4-9613-4F38-AEEE-26AC1DB93BB4}.Release|Any CPU.ActiveCfg = Release|Any CPU
		{00FD0DC4-9613-4F38-AEEE-26AC1DB93BB4}.Release|Any CPU.Build.0 = Release|Any CPU
		{00FD0DC4-9613-4F38-AEEE-26AC1DB93BB4}.Release|x64.ActiveCfg = Release|Any CPU
		{00FD0DC4-9613-4F38-AEEE-26AC1DB93BB4}.Release|x64.Build.0 = Release|Any CPU
		{00FD0DC4-9613-4F38-AEEE-26AC1DB93BB4}.Release|x86.ActiveCfg = Release|Any CPU
		{00FD0DC4-9613-4F38-AEEE-26AC1DB93BB4}.Release|x86.Build.0 = Release|Any CPU
		{A97CB8A0-19E8-42F0-956D-BFFE7E9B2FFF}.Debug|Any CPU.ActiveCfg = Debug|Any CPU
		{A97CB8A0-19E8-42F0-956D-BFFE7E9B2FFF}.Debug|x64.ActiveCfg = Debug|Any CPU
		{A97CB8A0-19E8-42F0-956D-BFFE7E9B2FFF}.Debug|x64.Build.0 = Debug|Any CPU
		{A97CB8A0-19E8-42F0-956D-BFFE7E9B2FFF}.Debug|x86.ActiveCfg = Debug|Any CPU
		{A97CB8A0-19E8-42F0-956D-BFFE7E9B2FFF}.Debug|x86.Build.0 = Debug|Any CPU
		{A97CB8A0-19E8-42F0-956D-BFFE7E9B2FFF}.Release|Any CPU.ActiveCfg = Release|Any CPU
		{A97CB8A0-19E8-42F0-956D-BFFE7E9B2FFF}.Release|Any CPU.Build.0 = Release|Any CPU
		{A97CB8A0-19E8-42F0-956D-BFFE7E9B2FFF}.Release|x64.ActiveCfg = Release|Any CPU
		{A97CB8A0-19E8-42F0-956D-BFFE7E9B2FFF}.Release|x64.Build.0 = Release|Any CPU
		{A97CB8A0-19E8-42F0-956D-BFFE7E9B2FFF}.Release|x86.ActiveCfg = Release|Any CPU
		{A97CB8A0-19E8-42F0-956D-BFFE7E9B2FFF}.Release|x86.Build.0 = Release|Any CPU
		{34DB4B70-75DF-4D1A-B17B-F19307C26BC8}.Debug|Any CPU.ActiveCfg = Debug|Any CPU
		{34DB4B70-75DF-4D1A-B17B-F19307C26BC8}.Debug|x64.ActiveCfg = Debug|Any CPU
		{34DB4B70-75DF-4D1A-B17B-F19307C26BC8}.Debug|x64.Build.0 = Debug|Any CPU
		{34DB4B70-75DF-4D1A-B17B-F19307C26BC8}.Debug|x86.ActiveCfg = Debug|Any CPU
		{34DB4B70-75DF-4D1A-B17B-F19307C26BC8}.Debug|x86.Build.0 = Debug|Any CPU
		{34DB4B70-75DF-4D1A-B17B-F19307C26BC8}.Release|Any CPU.ActiveCfg = Release|Any CPU
		{34DB4B70-75DF-4D1A-B17B-F19307C26BC8}.Release|Any CPU.Build.0 = Release|Any CPU
		{34DB4B70-75DF-4D1A-B17B-F19307C26BC8}.Release|x64.ActiveCfg = Release|Any CPU
		{34DB4B70-75DF-4D1A-B17B-F19307C26BC8}.Release|x64.Build.0 = Release|Any CPU
		{34DB4B70-75DF-4D1A-B17B-F19307C26BC8}.Release|x86.ActiveCfg = Release|Any CPU
		{34DB4B70-75DF-4D1A-B17B-F19307C26BC8}.Release|x86.Build.0 = Release|Any CPU
		{9E73EEFD-F6CA-4614-AD39-41A8F9747661}.Debug|Any CPU.ActiveCfg = Debug|Any CPU
		{9E73EEFD-F6CA-4614-AD39-41A8F9747661}.Debug|x64.ActiveCfg = Debug|Any CPU
		{9E73EEFD-F6CA-4614-AD39-41A8F9747661}.Debug|x64.Build.0 = Debug|Any CPU
		{9E73EEFD-F6CA-4614-AD39-41A8F9747661}.Debug|x86.ActiveCfg = Debug|Any CPU
		{9E73EEFD-F6CA-4614-AD39-41A8F9747661}.Debug|x86.Build.0 = Debug|Any CPU
		{9E73EEFD-F6CA-4614-AD39-41A8F9747661}.Release|Any CPU.ActiveCfg = Release|Any CPU
		{9E73EEFD-F6CA-4614-AD39-41A8F9747661}.Release|Any CPU.Build.0 = Release|Any CPU
		{9E73EEFD-F6CA-4614-AD39-41A8F9747661}.Release|x64.ActiveCfg = Release|Any CPU
		{9E73EEFD-F6CA-4614-AD39-41A8F9747661}.Release|x64.Build.0 = Release|Any CPU
		{9E73EEFD-F6CA-4614-AD39-41A8F9747661}.Release|x86.ActiveCfg = Release|Any CPU
		{9E73EEFD-F6CA-4614-AD39-41A8F9747661}.Release|x86.Build.0 = Release|Any CPU
		{0E308C3C-4B8C-4E16-8BE5-064CCFA91797}.Debug|Any CPU.ActiveCfg = Debug|Any CPU
		{0E308C3C-4B8C-4E16-8BE5-064CCFA91797}.Debug|x64.ActiveCfg = Debug|Any CPU
		{0E308C3C-4B8C-4E16-8BE5-064CCFA91797}.Debug|x64.Build.0 = Debug|Any CPU
		{0E308C3C-4B8C-4E16-8BE5-064CCFA91797}.Debug|x86.ActiveCfg = Debug|Any CPU
		{0E308C3C-4B8C-4E16-8BE5-064CCFA91797}.Debug|x86.Build.0 = Debug|Any CPU
		{0E308C3C-4B8C-4E16-8BE5-064CCFA91797}.Release|Any CPU.ActiveCfg = Release|Any CPU
		{0E308C3C-4B8C-4E16-8BE5-064CCFA91797}.Release|Any CPU.Build.0 = Release|Any CPU
		{0E308C3C-4B8C-4E16-8BE5-064CCFA91797}.Release|x64.ActiveCfg = Release|Any CPU
		{0E308C3C-4B8C-4E16-8BE5-064CCFA91797}.Release|x64.Build.0 = Release|Any CPU
		{0E308C3C-4B8C-4E16-8BE5-064CCFA91797}.Release|x86.ActiveCfg = Release|Any CPU
		{0E308C3C-4B8C-4E16-8BE5-064CCFA91797}.Release|x86.Build.0 = Release|Any CPU
		{C39941D1-21D6-42F1-AFC7-66C297F097ED}.Debug|Any CPU.ActiveCfg = Debug|Any CPU
		{C39941D1-21D6-42F1-AFC7-66C297F097ED}.Debug|Any CPU.Build.0 = Debug|Any CPU
		{C39941D1-21D6-42F1-AFC7-66C297F097ED}.Debug|x64.ActiveCfg = Debug|Any CPU
		{C39941D1-21D6-42F1-AFC7-66C297F097ED}.Debug|x64.Build.0 = Debug|Any CPU
		{C39941D1-21D6-42F1-AFC7-66C297F097ED}.Debug|x86.ActiveCfg = Debug|Any CPU
		{C39941D1-21D6-42F1-AFC7-66C297F097ED}.Debug|x86.Build.0 = Debug|Any CPU
		{C39941D1-21D6-42F1-AFC7-66C297F097ED}.Release|Any CPU.ActiveCfg = Release|Any CPU
		{C39941D1-21D6-42F1-AFC7-66C297F097ED}.Release|Any CPU.Build.0 = Release|Any CPU
		{C39941D1-21D6-42F1-AFC7-66C297F097ED}.Release|x64.ActiveCfg = Release|Any CPU
		{C39941D1-21D6-42F1-AFC7-66C297F097ED}.Release|x64.Build.0 = Release|Any CPU
		{C39941D1-21D6-42F1-AFC7-66C297F097ED}.Release|x86.ActiveCfg = Release|Any CPU
		{C39941D1-21D6-42F1-AFC7-66C297F097ED}.Release|x86.Build.0 = Release|Any CPU
		{E4B5C93F-583D-469A-A635-518EA77C0B7F}.Debug|Any CPU.ActiveCfg = Debug|Any CPU
		{E4B5C93F-583D-469A-A635-518EA77C0B7F}.Debug|Any CPU.Build.0 = Debug|Any CPU
		{E4B5C93F-583D-469A-A635-518EA77C0B7F}.Debug|x64.ActiveCfg = Debug|Any CPU
		{E4B5C93F-583D-469A-A635-518EA77C0B7F}.Debug|x64.Build.0 = Debug|Any CPU
		{E4B5C93F-583D-469A-A635-518EA77C0B7F}.Debug|x86.ActiveCfg = Debug|Any CPU
		{E4B5C93F-583D-469A-A635-518EA77C0B7F}.Debug|x86.Build.0 = Debug|Any CPU
		{E4B5C93F-583D-469A-A635-518EA77C0B7F}.Release|Any CPU.ActiveCfg = Release|Any CPU
		{E4B5C93F-583D-469A-A635-518EA77C0B7F}.Release|Any CPU.Build.0 = Release|Any CPU
		{E4B5C93F-583D-469A-A635-518EA77C0B7F}.Release|x64.ActiveCfg = Release|Any CPU
		{E4B5C93F-583D-469A-A635-518EA77C0B7F}.Release|x64.Build.0 = Release|Any CPU
		{E4B5C93F-583D-469A-A635-518EA77C0B7F}.Release|x86.ActiveCfg = Release|Any CPU
		{E4B5C93F-583D-469A-A635-518EA77C0B7F}.Release|x86.Build.0 = Release|Any CPU
		{4F9B0E8F-DF68-4563-8E9C-E4DC7ACC776C}.Debug|Any CPU.ActiveCfg = Debug|x64
		{4F9B0E8F-DF68-4563-8E9C-E4DC7ACC776C}.Debug|Any CPU.Build.0 = Debug|x64
		{4F9B0E8F-DF68-4563-8E9C-E4DC7ACC776C}.Debug|x64.ActiveCfg = Debug|x64
		{4F9B0E8F-DF68-4563-8E9C-E4DC7ACC776C}.Debug|x64.Build.0 = Debug|x64
		{4F9B0E8F-DF68-4563-8E9C-E4DC7ACC776C}.Debug|x86.ActiveCfg = Debug|Win32
		{4F9B0E8F-DF68-4563-8E9C-E4DC7ACC776C}.Debug|x86.Build.0 = Debug|Win32
		{4F9B0E8F-DF68-4563-8E9C-E4DC7ACC776C}.Release|Any CPU.ActiveCfg = Release|x64
		{4F9B0E8F-DF68-4563-8E9C-E4DC7ACC776C}.Release|Any CPU.Build.0 = Release|x64
		{4F9B0E8F-DF68-4563-8E9C-E4DC7ACC776C}.Release|x64.ActiveCfg = Release|x64
		{4F9B0E8F-DF68-4563-8E9C-E4DC7ACC776C}.Release|x64.Build.0 = Release|x64
		{4F9B0E8F-DF68-4563-8E9C-E4DC7ACC776C}.Release|x86.ActiveCfg = Release|Win32
		{4F9B0E8F-DF68-4563-8E9C-E4DC7ACC776C}.Release|x86.Build.0 = Release|Win32
		{EB175E20-29E8-41DE-B1B4-0BC0185223E6}.Debug|Any CPU.ActiveCfg = Debug|Any CPU
		{EB175E20-29E8-41DE-B1B4-0BC0185223E6}.Debug|Any CPU.Build.0 = Debug|Any CPU
		{EB175E20-29E8-41DE-B1B4-0BC0185223E6}.Debug|x64.ActiveCfg = Debug|Any CPU
		{EB175E20-29E8-41DE-B1B4-0BC0185223E6}.Debug|x64.Build.0 = Debug|Any CPU
		{EB175E20-29E8-41DE-B1B4-0BC0185223E6}.Debug|x86.ActiveCfg = Debug|Any CPU
		{EB175E20-29E8-41DE-B1B4-0BC0185223E6}.Debug|x86.Build.0 = Debug|Any CPU
		{EB175E20-29E8-41DE-B1B4-0BC0185223E6}.Release|Any CPU.ActiveCfg = Release|Any CPU
		{EB175E20-29E8-41DE-B1B4-0BC0185223E6}.Release|Any CPU.Build.0 = Release|Any CPU
		{EB175E20-29E8-41DE-B1B4-0BC0185223E6}.Release|x64.ActiveCfg = Release|Any CPU
		{EB175E20-29E8-41DE-B1B4-0BC0185223E6}.Release|x64.Build.0 = Release|Any CPU
		{EB175E20-29E8-41DE-B1B4-0BC0185223E6}.Release|x86.ActiveCfg = Release|Any CPU
		{EB175E20-29E8-41DE-B1B4-0BC0185223E6}.Release|x86.Build.0 = Release|Any CPU
		{6F566AB4-F602-4756-BA51-7B43D6A664C6}.Debug|Any CPU.ActiveCfg = Debug|Any CPU
		{6F566AB4-F602-4756-BA51-7B43D6A664C6}.Debug|Any CPU.Build.0 = Debug|Any CPU
		{6F566AB4-F602-4756-BA51-7B43D6A664C6}.Debug|x64.ActiveCfg = Debug|Any CPU
		{6F566AB4-F602-4756-BA51-7B43D6A664C6}.Debug|x64.Build.0 = Debug|Any CPU
		{6F566AB4-F602-4756-BA51-7B43D6A664C6}.Debug|x86.ActiveCfg = Debug|Any CPU
		{6F566AB4-F602-4756-BA51-7B43D6A664C6}.Debug|x86.Build.0 = Debug|Any CPU
		{6F566AB4-F602-4756-BA51-7B43D6A664C6}.Release|Any CPU.ActiveCfg = Release|Any CPU
		{6F566AB4-F602-4756-BA51-7B43D6A664C6}.Release|Any CPU.Build.0 = Release|Any CPU
		{6F566AB4-F602-4756-BA51-7B43D6A664C6}.Release|x64.ActiveCfg = Release|Any CPU
		{6F566AB4-F602-4756-BA51-7B43D6A664C6}.Release|x64.Build.0 = Release|Any CPU
		{6F566AB4-F602-4756-BA51-7B43D6A664C6}.Release|x86.ActiveCfg = Release|Any CPU
		{6F566AB4-F602-4756-BA51-7B43D6A664C6}.Release|x86.Build.0 = Release|Any CPU
		{B111FCF9-4047-4103-85CA-F03579090A84}.Debug|Any CPU.ActiveCfg = Debug|Any CPU
		{B111FCF9-4047-4103-85CA-F03579090A84}.Debug|Any CPU.Build.0 = Debug|Any CPU
		{B111FCF9-4047-4103-85CA-F03579090A84}.Debug|Any CPU.Deploy.0 = Debug|Any CPU
		{B111FCF9-4047-4103-85CA-F03579090A84}.Debug|x64.ActiveCfg = Debug|Any CPU
		{B111FCF9-4047-4103-85CA-F03579090A84}.Debug|x64.Build.0 = Debug|Any CPU
		{B111FCF9-4047-4103-85CA-F03579090A84}.Debug|x64.Deploy.0 = Debug|Any CPU
		{B111FCF9-4047-4103-85CA-F03579090A84}.Debug|x86.ActiveCfg = Debug|Any CPU
		{B111FCF9-4047-4103-85CA-F03579090A84}.Debug|x86.Build.0 = Debug|Any CPU
		{B111FCF9-4047-4103-85CA-F03579090A84}.Debug|x86.Deploy.0 = Debug|Any CPU
		{B111FCF9-4047-4103-85CA-F03579090A84}.Release|Any CPU.ActiveCfg = Release|Any CPU
		{B111FCF9-4047-4103-85CA-F03579090A84}.Release|Any CPU.Build.0 = Release|Any CPU
		{B111FCF9-4047-4103-85CA-F03579090A84}.Release|Any CPU.Deploy.0 = Release|Any CPU
		{B111FCF9-4047-4103-85CA-F03579090A84}.Release|x64.ActiveCfg = Release|Any CPU
		{B111FCF9-4047-4103-85CA-F03579090A84}.Release|x64.Build.0 = Release|Any CPU
		{B111FCF9-4047-4103-85CA-F03579090A84}.Release|x64.Deploy.0 = Release|Any CPU
		{B111FCF9-4047-4103-85CA-F03579090A84}.Release|x86.ActiveCfg = Release|Any CPU
		{B111FCF9-4047-4103-85CA-F03579090A84}.Release|x86.Build.0 = Release|Any CPU
		{B111FCF9-4047-4103-85CA-F03579090A84}.Release|x86.Deploy.0 = Release|Any CPU
		{A18954F9-AD25-4C62-B43D-B2DF5DE44329}.Debug|Any CPU.ActiveCfg = Debug|Any CPU
		{A18954F9-AD25-4C62-B43D-B2DF5DE44329}.Debug|Any CPU.Build.0 = Debug|Any CPU
		{A18954F9-AD25-4C62-B43D-B2DF5DE44329}.Debug|Any CPU.Deploy.0 = Debug|Any CPU
		{A18954F9-AD25-4C62-B43D-B2DF5DE44329}.Debug|x64.ActiveCfg = Debug|Any CPU
		{A18954F9-AD25-4C62-B43D-B2DF5DE44329}.Debug|x64.Build.0 = Debug|Any CPU
		{A18954F9-AD25-4C62-B43D-B2DF5DE44329}.Debug|x64.Deploy.0 = Debug|Any CPU
		{A18954F9-AD25-4C62-B43D-B2DF5DE44329}.Debug|x86.ActiveCfg = Debug|Any CPU
		{A18954F9-AD25-4C62-B43D-B2DF5DE44329}.Debug|x86.Build.0 = Debug|Any CPU
		{A18954F9-AD25-4C62-B43D-B2DF5DE44329}.Debug|x86.Deploy.0 = Debug|Any CPU
		{A18954F9-AD25-4C62-B43D-B2DF5DE44329}.Release|Any CPU.ActiveCfg = Release|Any CPU
		{A18954F9-AD25-4C62-B43D-B2DF5DE44329}.Release|Any CPU.Build.0 = Release|Any CPU
		{A18954F9-AD25-4C62-B43D-B2DF5DE44329}.Release|Any CPU.Deploy.0 = Release|Any CPU
		{A18954F9-AD25-4C62-B43D-B2DF5DE44329}.Release|x64.ActiveCfg = Release|Any CPU
		{A18954F9-AD25-4C62-B43D-B2DF5DE44329}.Release|x64.Build.0 = Release|Any CPU
		{A18954F9-AD25-4C62-B43D-B2DF5DE44329}.Release|x64.Deploy.0 = Release|Any CPU
		{A18954F9-AD25-4C62-B43D-B2DF5DE44329}.Release|x86.ActiveCfg = Release|Any CPU
		{A18954F9-AD25-4C62-B43D-B2DF5DE44329}.Release|x86.Build.0 = Release|Any CPU
		{A18954F9-AD25-4C62-B43D-B2DF5DE44329}.Release|x86.Deploy.0 = Release|Any CPU
		{80F0B04D-C606-4971-9687-BB6F64E937DB}.Debug|Any CPU.ActiveCfg = Debug|Any CPU
		{80F0B04D-C606-4971-9687-BB6F64E937DB}.Debug|Any CPU.Build.0 = Debug|Any CPU
		{80F0B04D-C606-4971-9687-BB6F64E937DB}.Debug|Any CPU.Deploy.0 = Debug|Any CPU
		{80F0B04D-C606-4971-9687-BB6F64E937DB}.Debug|x64.ActiveCfg = Debug|Any CPU
		{80F0B04D-C606-4971-9687-BB6F64E937DB}.Debug|x64.Build.0 = Debug|Any CPU
		{80F0B04D-C606-4971-9687-BB6F64E937DB}.Debug|x64.Deploy.0 = Debug|Any CPU
		{80F0B04D-C606-4971-9687-BB6F64E937DB}.Debug|x86.ActiveCfg = Debug|Any CPU
		{80F0B04D-C606-4971-9687-BB6F64E937DB}.Debug|x86.Build.0 = Debug|Any CPU
		{80F0B04D-C606-4971-9687-BB6F64E937DB}.Debug|x86.Deploy.0 = Debug|Any CPU
		{80F0B04D-C606-4971-9687-BB6F64E937DB}.Release|Any CPU.ActiveCfg = Release|Any CPU
		{80F0B04D-C606-4971-9687-BB6F64E937DB}.Release|Any CPU.Build.0 = Release|Any CPU
		{80F0B04D-C606-4971-9687-BB6F64E937DB}.Release|Any CPU.Deploy.0 = Release|Any CPU
		{80F0B04D-C606-4971-9687-BB6F64E937DB}.Release|x64.ActiveCfg = Release|Any CPU
		{80F0B04D-C606-4971-9687-BB6F64E937DB}.Release|x64.Build.0 = Release|Any CPU
		{80F0B04D-C606-4971-9687-BB6F64E937DB}.Release|x64.Deploy.0 = Release|Any CPU
		{80F0B04D-C606-4971-9687-BB6F64E937DB}.Release|x86.ActiveCfg = Release|Any CPU
		{80F0B04D-C606-4971-9687-BB6F64E937DB}.Release|x86.Build.0 = Release|Any CPU
		{80F0B04D-C606-4971-9687-BB6F64E937DB}.Release|x86.Deploy.0 = Release|Any CPU
		{BC5A3EC8-8F05-489F-9C41-D345C794DBF7}.Debug|Any CPU.ActiveCfg = Debug|Any CPU
		{BC5A3EC8-8F05-489F-9C41-D345C794DBF7}.Debug|Any CPU.Build.0 = Debug|Any CPU
		{BC5A3EC8-8F05-489F-9C41-D345C794DBF7}.Debug|Any CPU.Deploy.0 = Debug|Any CPU
		{BC5A3EC8-8F05-489F-9C41-D345C794DBF7}.Debug|x64.ActiveCfg = Debug|Any CPU
		{BC5A3EC8-8F05-489F-9C41-D345C794DBF7}.Debug|x64.Build.0 = Debug|Any CPU
		{BC5A3EC8-8F05-489F-9C41-D345C794DBF7}.Debug|x64.Deploy.0 = Debug|Any CPU
		{BC5A3EC8-8F05-489F-9C41-D345C794DBF7}.Debug|x86.ActiveCfg = Debug|Any CPU
		{BC5A3EC8-8F05-489F-9C41-D345C794DBF7}.Debug|x86.Build.0 = Debug|Any CPU
		{BC5A3EC8-8F05-489F-9C41-D345C794DBF7}.Debug|x86.Deploy.0 = Debug|Any CPU
		{BC5A3EC8-8F05-489F-9C41-D345C794DBF7}.Release|Any CPU.ActiveCfg = Release|Any CPU
		{BC5A3EC8-8F05-489F-9C41-D345C794DBF7}.Release|Any CPU.Build.0 = Release|Any CPU
		{BC5A3EC8-8F05-489F-9C41-D345C794DBF7}.Release|Any CPU.Deploy.0 = Release|Any CPU
		{BC5A3EC8-8F05-489F-9C41-D345C794DBF7}.Release|x64.ActiveCfg = Release|Any CPU
		{BC5A3EC8-8F05-489F-9C41-D345C794DBF7}.Release|x64.Build.0 = Release|Any CPU
		{BC5A3EC8-8F05-489F-9C41-D345C794DBF7}.Release|x64.Deploy.0 = Release|Any CPU
		{BC5A3EC8-8F05-489F-9C41-D345C794DBF7}.Release|x86.ActiveCfg = Release|Any CPU
		{BC5A3EC8-8F05-489F-9C41-D345C794DBF7}.Release|x86.Build.0 = Release|Any CPU
		{BC5A3EC8-8F05-489F-9C41-D345C794DBF7}.Release|x86.Deploy.0 = Release|Any CPU
		{B59C86CE-C783-4F5F-BD9C-8FF0452B2DC4}.Debug|Any CPU.ActiveCfg = Debug|Any CPU
		{B59C86CE-C783-4F5F-BD9C-8FF0452B2DC4}.Debug|Any CPU.Build.0 = Debug|Any CPU
		{B59C86CE-C783-4F5F-BD9C-8FF0452B2DC4}.Debug|Any CPU.Deploy.0 = Debug|Any CPU
		{B59C86CE-C783-4F5F-BD9C-8FF0452B2DC4}.Debug|x64.ActiveCfg = Debug|Any CPU
		{B59C86CE-C783-4F5F-BD9C-8FF0452B2DC4}.Debug|x64.Build.0 = Debug|Any CPU
		{B59C86CE-C783-4F5F-BD9C-8FF0452B2DC4}.Debug|x64.Deploy.0 = Debug|Any CPU
		{B59C86CE-C783-4F5F-BD9C-8FF0452B2DC4}.Debug|x86.ActiveCfg = Debug|Any CPU
		{B59C86CE-C783-4F5F-BD9C-8FF0452B2DC4}.Debug|x86.Build.0 = Debug|Any CPU
		{B59C86CE-C783-4F5F-BD9C-8FF0452B2DC4}.Debug|x86.Deploy.0 = Debug|Any CPU
		{B59C86CE-C783-4F5F-BD9C-8FF0452B2DC4}.Release|Any CPU.ActiveCfg = Release|Any CPU
		{B59C86CE-C783-4F5F-BD9C-8FF0452B2DC4}.Release|Any CPU.Build.0 = Release|Any CPU
		{B59C86CE-C783-4F5F-BD9C-8FF0452B2DC4}.Release|Any CPU.Deploy.0 = Release|Any CPU
		{B59C86CE-C783-4F5F-BD9C-8FF0452B2DC4}.Release|x64.ActiveCfg = Release|Any CPU
		{B59C86CE-C783-4F5F-BD9C-8FF0452B2DC4}.Release|x64.Build.0 = Release|Any CPU
		{B59C86CE-C783-4F5F-BD9C-8FF0452B2DC4}.Release|x64.Deploy.0 = Release|Any CPU
		{B59C86CE-C783-4F5F-BD9C-8FF0452B2DC4}.Release|x86.ActiveCfg = Release|Any CPU
		{B59C86CE-C783-4F5F-BD9C-8FF0452B2DC4}.Release|x86.Build.0 = Release|Any CPU
		{B59C86CE-C783-4F5F-BD9C-8FF0452B2DC4}.Release|x86.Deploy.0 = Release|Any CPU
		{F3C1B813-F896-471C-8C01-4ADF63E532AC}.Debug|Any CPU.ActiveCfg = Debug|Any CPU
		{F3C1B813-F896-471C-8C01-4ADF63E532AC}.Debug|Any CPU.Build.0 = Debug|Any CPU
		{F3C1B813-F896-471C-8C01-4ADF63E532AC}.Debug|Any CPU.Deploy.0 = Debug|Any CPU
		{F3C1B813-F896-471C-8C01-4ADF63E532AC}.Debug|x64.ActiveCfg = Debug|Any CPU
		{F3C1B813-F896-471C-8C01-4ADF63E532AC}.Debug|x64.Build.0 = Debug|Any CPU
		{F3C1B813-F896-471C-8C01-4ADF63E532AC}.Debug|x64.Deploy.0 = Debug|Any CPU
		{F3C1B813-F896-471C-8C01-4ADF63E532AC}.Debug|x86.ActiveCfg = Debug|Any CPU
		{F3C1B813-F896-471C-8C01-4ADF63E532AC}.Debug|x86.Build.0 = Debug|Any CPU
		{F3C1B813-F896-471C-8C01-4ADF63E532AC}.Debug|x86.Deploy.0 = Debug|Any CPU
		{F3C1B813-F896-471C-8C01-4ADF63E532AC}.Release|Any CPU.ActiveCfg = Release|Any CPU
		{F3C1B813-F896-471C-8C01-4ADF63E532AC}.Release|Any CPU.Build.0 = Release|Any CPU
		{F3C1B813-F896-471C-8C01-4ADF63E532AC}.Release|Any CPU.Deploy.0 = Release|Any CPU
		{F3C1B813-F896-471C-8C01-4ADF63E532AC}.Release|x64.ActiveCfg = Release|Any CPU
		{F3C1B813-F896-471C-8C01-4ADF63E532AC}.Release|x64.Build.0 = Release|Any CPU
		{F3C1B813-F896-471C-8C01-4ADF63E532AC}.Release|x64.Deploy.0 = Release|Any CPU
		{F3C1B813-F896-471C-8C01-4ADF63E532AC}.Release|x86.ActiveCfg = Release|Any CPU
		{F3C1B813-F896-471C-8C01-4ADF63E532AC}.Release|x86.Build.0 = Release|Any CPU
		{F3C1B813-F896-471C-8C01-4ADF63E532AC}.Release|x86.Deploy.0 = Release|Any CPU
		{6EC080E9-1D7E-4B61-84E0-C275BD47BB3D}.Debug|Any CPU.ActiveCfg = Debug|Any CPU
		{6EC080E9-1D7E-4B61-84E0-C275BD47BB3D}.Debug|Any CPU.Build.0 = Debug|Any CPU
		{6EC080E9-1D7E-4B61-84E0-C275BD47BB3D}.Debug|Any CPU.Deploy.0 = Debug|Any CPU
		{6EC080E9-1D7E-4B61-84E0-C275BD47BB3D}.Debug|x64.ActiveCfg = Debug|Any CPU
		{6EC080E9-1D7E-4B61-84E0-C275BD47BB3D}.Debug|x64.Build.0 = Debug|Any CPU
		{6EC080E9-1D7E-4B61-84E0-C275BD47BB3D}.Debug|x64.Deploy.0 = Debug|Any CPU
		{6EC080E9-1D7E-4B61-84E0-C275BD47BB3D}.Debug|x86.ActiveCfg = Debug|Any CPU
		{6EC080E9-1D7E-4B61-84E0-C275BD47BB3D}.Debug|x86.Build.0 = Debug|Any CPU
		{6EC080E9-1D7E-4B61-84E0-C275BD47BB3D}.Debug|x86.Deploy.0 = Debug|Any CPU
		{6EC080E9-1D7E-4B61-84E0-C275BD47BB3D}.Release|Any CPU.ActiveCfg = Release|Any CPU
		{6EC080E9-1D7E-4B61-84E0-C275BD47BB3D}.Release|Any CPU.Build.0 = Release|Any CPU
		{6EC080E9-1D7E-4B61-84E0-C275BD47BB3D}.Release|Any CPU.Deploy.0 = Release|Any CPU
		{6EC080E9-1D7E-4B61-84E0-C275BD47BB3D}.Release|x64.ActiveCfg = Release|Any CPU
		{6EC080E9-1D7E-4B61-84E0-C275BD47BB3D}.Release|x64.Build.0 = Release|Any CPU
		{6EC080E9-1D7E-4B61-84E0-C275BD47BB3D}.Release|x64.Deploy.0 = Release|Any CPU
		{6EC080E9-1D7E-4B61-84E0-C275BD47BB3D}.Release|x86.ActiveCfg = Release|Any CPU
		{6EC080E9-1D7E-4B61-84E0-C275BD47BB3D}.Release|x86.Build.0 = Release|Any CPU
		{6EC080E9-1D7E-4B61-84E0-C275BD47BB3D}.Release|x86.Deploy.0 = Release|Any CPU
		{C0DF981A-0BB5-4538-BAB8-9152136A4AF5}.Debug|Any CPU.ActiveCfg = Debug|Any CPU
		{C0DF981A-0BB5-4538-BAB8-9152136A4AF5}.Debug|Any CPU.Build.0 = Debug|Any CPU
		{C0DF981A-0BB5-4538-BAB8-9152136A4AF5}.Debug|Any CPU.Deploy.0 = Debug|Any CPU
		{C0DF981A-0BB5-4538-BAB8-9152136A4AF5}.Debug|x64.ActiveCfg = Debug|Any CPU
		{C0DF981A-0BB5-4538-BAB8-9152136A4AF5}.Debug|x64.Build.0 = Debug|Any CPU
		{C0DF981A-0BB5-4538-BAB8-9152136A4AF5}.Debug|x64.Deploy.0 = Debug|Any CPU
		{C0DF981A-0BB5-4538-BAB8-9152136A4AF5}.Debug|x86.ActiveCfg = Debug|Any CPU
		{C0DF981A-0BB5-4538-BAB8-9152136A4AF5}.Debug|x86.Build.0 = Debug|Any CPU
		{C0DF981A-0BB5-4538-BAB8-9152136A4AF5}.Debug|x86.Deploy.0 = Debug|Any CPU
		{C0DF981A-0BB5-4538-BAB8-9152136A4AF5}.Release|Any CPU.ActiveCfg = Release|Any CPU
		{C0DF981A-0BB5-4538-BAB8-9152136A4AF5}.Release|Any CPU.Build.0 = Release|Any CPU
		{C0DF981A-0BB5-4538-BAB8-9152136A4AF5}.Release|Any CPU.Deploy.0 = Release|Any CPU
		{C0DF981A-0BB5-4538-BAB8-9152136A4AF5}.Release|x64.ActiveCfg = Release|Any CPU
		{C0DF981A-0BB5-4538-BAB8-9152136A4AF5}.Release|x64.Build.0 = Release|Any CPU
		{C0DF981A-0BB5-4538-BAB8-9152136A4AF5}.Release|x64.Deploy.0 = Release|Any CPU
		{C0DF981A-0BB5-4538-BAB8-9152136A4AF5}.Release|x86.ActiveCfg = Release|Any CPU
		{C0DF981A-0BB5-4538-BAB8-9152136A4AF5}.Release|x86.Build.0 = Release|Any CPU
		{C0DF981A-0BB5-4538-BAB8-9152136A4AF5}.Release|x86.Deploy.0 = Release|Any CPU
		{16866B89-1036-4CA7-8A63-07634A2FCBF1}.Debug|Any CPU.ActiveCfg = Debug|Any CPU
		{16866B89-1036-4CA7-8A63-07634A2FCBF1}.Debug|Any CPU.Build.0 = Debug|Any CPU
		{16866B89-1036-4CA7-8A63-07634A2FCBF1}.Debug|Any CPU.Deploy.0 = Debug|Any CPU
		{16866B89-1036-4CA7-8A63-07634A2FCBF1}.Debug|x64.ActiveCfg = Debug|Any CPU
		{16866B89-1036-4CA7-8A63-07634A2FCBF1}.Debug|x64.Build.0 = Debug|Any CPU
		{16866B89-1036-4CA7-8A63-07634A2FCBF1}.Debug|x64.Deploy.0 = Debug|Any CPU
		{16866B89-1036-4CA7-8A63-07634A2FCBF1}.Debug|x86.ActiveCfg = Debug|Any CPU
		{16866B89-1036-4CA7-8A63-07634A2FCBF1}.Debug|x86.Build.0 = Debug|Any CPU
		{16866B89-1036-4CA7-8A63-07634A2FCBF1}.Debug|x86.Deploy.0 = Debug|Any CPU
		{16866B89-1036-4CA7-8A63-07634A2FCBF1}.Release|Any CPU.ActiveCfg = Release|Any CPU
		{16866B89-1036-4CA7-8A63-07634A2FCBF1}.Release|Any CPU.Build.0 = Release|Any CPU
		{16866B89-1036-4CA7-8A63-07634A2FCBF1}.Release|Any CPU.Deploy.0 = Release|Any CPU
		{16866B89-1036-4CA7-8A63-07634A2FCBF1}.Release|x64.ActiveCfg = Release|Any CPU
		{16866B89-1036-4CA7-8A63-07634A2FCBF1}.Release|x64.Build.0 = Release|Any CPU
		{16866B89-1036-4CA7-8A63-07634A2FCBF1}.Release|x64.Deploy.0 = Release|Any CPU
		{16866B89-1036-4CA7-8A63-07634A2FCBF1}.Release|x86.ActiveCfg = Release|Any CPU
		{16866B89-1036-4CA7-8A63-07634A2FCBF1}.Release|x86.Build.0 = Release|Any CPU
		{16866B89-1036-4CA7-8A63-07634A2FCBF1}.Release|x86.Deploy.0 = Release|Any CPU
		{42D15093-82CF-4992-939F-3805AB3A6F5A}.Debug|Any CPU.ActiveCfg = Debug|Any CPU
		{42D15093-82CF-4992-939F-3805AB3A6F5A}.Debug|Any CPU.Build.0 = Debug|Any CPU
		{42D15093-82CF-4992-939F-3805AB3A6F5A}.Debug|Any CPU.Deploy.0 = Debug|Any CPU
		{42D15093-82CF-4992-939F-3805AB3A6F5A}.Debug|x64.ActiveCfg = Debug|Any CPU
		{42D15093-82CF-4992-939F-3805AB3A6F5A}.Debug|x64.Build.0 = Debug|Any CPU
		{42D15093-82CF-4992-939F-3805AB3A6F5A}.Debug|x64.Deploy.0 = Debug|Any CPU
		{42D15093-82CF-4992-939F-3805AB3A6F5A}.Debug|x86.ActiveCfg = Debug|Any CPU
		{42D15093-82CF-4992-939F-3805AB3A6F5A}.Debug|x86.Build.0 = Debug|Any CPU
		{42D15093-82CF-4992-939F-3805AB3A6F5A}.Debug|x86.Deploy.0 = Debug|Any CPU
		{42D15093-82CF-4992-939F-3805AB3A6F5A}.Release|Any CPU.ActiveCfg = Release|Any CPU
		{42D15093-82CF-4992-939F-3805AB3A6F5A}.Release|Any CPU.Build.0 = Release|Any CPU
		{42D15093-82CF-4992-939F-3805AB3A6F5A}.Release|Any CPU.Deploy.0 = Release|Any CPU
		{42D15093-82CF-4992-939F-3805AB3A6F5A}.Release|x64.ActiveCfg = Release|Any CPU
		{42D15093-82CF-4992-939F-3805AB3A6F5A}.Release|x64.Build.0 = Release|Any CPU
		{42D15093-82CF-4992-939F-3805AB3A6F5A}.Release|x64.Deploy.0 = Release|Any CPU
		{42D15093-82CF-4992-939F-3805AB3A6F5A}.Release|x86.ActiveCfg = Release|Any CPU
		{42D15093-82CF-4992-939F-3805AB3A6F5A}.Release|x86.Build.0 = Release|Any CPU
		{42D15093-82CF-4992-939F-3805AB3A6F5A}.Release|x86.Deploy.0 = Release|Any CPU
		{856B5AB3-07C0-4C98-9202-0AA29852BAB9}.Debug|Any CPU.ActiveCfg = Debug|Any CPU
		{856B5AB3-07C0-4C98-9202-0AA29852BAB9}.Debug|Any CPU.Build.0 = Debug|Any CPU
		{856B5AB3-07C0-4C98-9202-0AA29852BAB9}.Debug|Any CPU.Deploy.0 = Debug|Any CPU
		{856B5AB3-07C0-4C98-9202-0AA29852BAB9}.Debug|x64.ActiveCfg = Debug|Any CPU
		{856B5AB3-07C0-4C98-9202-0AA29852BAB9}.Debug|x64.Build.0 = Debug|Any CPU
		{856B5AB3-07C0-4C98-9202-0AA29852BAB9}.Debug|x64.Deploy.0 = Debug|Any CPU
		{856B5AB3-07C0-4C98-9202-0AA29852BAB9}.Debug|x86.ActiveCfg = Debug|Any CPU
		{856B5AB3-07C0-4C98-9202-0AA29852BAB9}.Debug|x86.Build.0 = Debug|Any CPU
		{856B5AB3-07C0-4C98-9202-0AA29852BAB9}.Debug|x86.Deploy.0 = Debug|Any CPU
		{856B5AB3-07C0-4C98-9202-0AA29852BAB9}.Release|Any CPU.ActiveCfg = Release|Any CPU
		{856B5AB3-07C0-4C98-9202-0AA29852BAB9}.Release|Any CPU.Build.0 = Release|Any CPU
		{856B5AB3-07C0-4C98-9202-0AA29852BAB9}.Release|Any CPU.Deploy.0 = Release|Any CPU
		{856B5AB3-07C0-4C98-9202-0AA29852BAB9}.Release|x64.ActiveCfg = Release|Any CPU
		{856B5AB3-07C0-4C98-9202-0AA29852BAB9}.Release|x64.Build.0 = Release|Any CPU
		{856B5AB3-07C0-4C98-9202-0AA29852BAB9}.Release|x64.Deploy.0 = Release|Any CPU
		{856B5AB3-07C0-4C98-9202-0AA29852BAB9}.Release|x86.ActiveCfg = Release|Any CPU
		{856B5AB3-07C0-4C98-9202-0AA29852BAB9}.Release|x86.Build.0 = Release|Any CPU
		{856B5AB3-07C0-4C98-9202-0AA29852BAB9}.Release|x86.Deploy.0 = Release|Any CPU
		{D97C4F7C-952D-4EB4-8985-BD17F37B3B9E}.Debug|Any CPU.ActiveCfg = Debug|Any CPU
		{D97C4F7C-952D-4EB4-8985-BD17F37B3B9E}.Debug|Any CPU.Build.0 = Debug|Any CPU
		{D97C4F7C-952D-4EB4-8985-BD17F37B3B9E}.Debug|Any CPU.Deploy.0 = Debug|Any CPU
		{D97C4F7C-952D-4EB4-8985-BD17F37B3B9E}.Debug|x64.ActiveCfg = Debug|Any CPU
		{D97C4F7C-952D-4EB4-8985-BD17F37B3B9E}.Debug|x64.Build.0 = Debug|Any CPU
		{D97C4F7C-952D-4EB4-8985-BD17F37B3B9E}.Debug|x64.Deploy.0 = Debug|Any CPU
		{D97C4F7C-952D-4EB4-8985-BD17F37B3B9E}.Debug|x86.ActiveCfg = Debug|Any CPU
		{D97C4F7C-952D-4EB4-8985-BD17F37B3B9E}.Debug|x86.Build.0 = Debug|Any CPU
		{D97C4F7C-952D-4EB4-8985-BD17F37B3B9E}.Debug|x86.Deploy.0 = Debug|Any CPU
		{D97C4F7C-952D-4EB4-8985-BD17F37B3B9E}.Release|Any CPU.ActiveCfg = Release|Any CPU
		{D97C4F7C-952D-4EB4-8985-BD17F37B3B9E}.Release|Any CPU.Build.0 = Release|Any CPU
		{D97C4F7C-952D-4EB4-8985-BD17F37B3B9E}.Release|Any CPU.Deploy.0 = Release|Any CPU
		{D97C4F7C-952D-4EB4-8985-BD17F37B3B9E}.Release|x64.ActiveCfg = Release|Any CPU
		{D97C4F7C-952D-4EB4-8985-BD17F37B3B9E}.Release|x64.Build.0 = Release|Any CPU
		{D97C4F7C-952D-4EB4-8985-BD17F37B3B9E}.Release|x64.Deploy.0 = Release|Any CPU
		{D97C4F7C-952D-4EB4-8985-BD17F37B3B9E}.Release|x86.ActiveCfg = Release|Any CPU
		{D97C4F7C-952D-4EB4-8985-BD17F37B3B9E}.Release|x86.Build.0 = Release|Any CPU
		{D97C4F7C-952D-4EB4-8985-BD17F37B3B9E}.Release|x86.Deploy.0 = Release|Any CPU
		{48D51484-228D-487B-B718-C5C5335FD31B}.Debug|Any CPU.ActiveCfg = Debug|Any CPU
		{48D51484-228D-487B-B718-C5C5335FD31B}.Debug|Any CPU.Build.0 = Debug|Any CPU
		{48D51484-228D-487B-B718-C5C5335FD31B}.Debug|Any CPU.Deploy.0 = Debug|Any CPU
		{48D51484-228D-487B-B718-C5C5335FD31B}.Debug|x64.ActiveCfg = Debug|Any CPU
		{48D51484-228D-487B-B718-C5C5335FD31B}.Debug|x64.Build.0 = Debug|Any CPU
		{48D51484-228D-487B-B718-C5C5335FD31B}.Debug|x64.Deploy.0 = Debug|Any CPU
		{48D51484-228D-487B-B718-C5C5335FD31B}.Debug|x86.ActiveCfg = Debug|Any CPU
		{48D51484-228D-487B-B718-C5C5335FD31B}.Debug|x86.Build.0 = Debug|Any CPU
		{48D51484-228D-487B-B718-C5C5335FD31B}.Debug|x86.Deploy.0 = Debug|Any CPU
		{48D51484-228D-487B-B718-C5C5335FD31B}.Release|Any CPU.ActiveCfg = Release|Any CPU
		{48D51484-228D-487B-B718-C5C5335FD31B}.Release|Any CPU.Build.0 = Release|Any CPU
		{48D51484-228D-487B-B718-C5C5335FD31B}.Release|Any CPU.Deploy.0 = Release|Any CPU
		{48D51484-228D-487B-B718-C5C5335FD31B}.Release|x64.ActiveCfg = Release|Any CPU
		{48D51484-228D-487B-B718-C5C5335FD31B}.Release|x64.Build.0 = Release|Any CPU
		{48D51484-228D-487B-B718-C5C5335FD31B}.Release|x64.Deploy.0 = Release|Any CPU
		{48D51484-228D-487B-B718-C5C5335FD31B}.Release|x86.ActiveCfg = Release|Any CPU
		{48D51484-228D-487B-B718-C5C5335FD31B}.Release|x86.Build.0 = Release|Any CPU
		{48D51484-228D-487B-B718-C5C5335FD31B}.Release|x86.Deploy.0 = Release|Any CPU
		{EF30441C-ABC9-4F76-95C7-9E6C345D5799}.Debug|Any CPU.ActiveCfg = Debug|Any CPU
		{EF30441C-ABC9-4F76-95C7-9E6C345D5799}.Debug|Any CPU.Build.0 = Debug|Any CPU
		{EF30441C-ABC9-4F76-95C7-9E6C345D5799}.Debug|Any CPU.Deploy.0 = Debug|Any CPU
		{EF30441C-ABC9-4F76-95C7-9E6C345D5799}.Debug|x64.ActiveCfg = Debug|Any CPU
		{EF30441C-ABC9-4F76-95C7-9E6C345D5799}.Debug|x64.Build.0 = Debug|Any CPU
		{EF30441C-ABC9-4F76-95C7-9E6C345D5799}.Debug|x64.Deploy.0 = Debug|Any CPU
		{EF30441C-ABC9-4F76-95C7-9E6C345D5799}.Debug|x86.ActiveCfg = Debug|Any CPU
		{EF30441C-ABC9-4F76-95C7-9E6C345D5799}.Debug|x86.Build.0 = Debug|Any CPU
		{EF30441C-ABC9-4F76-95C7-9E6C345D5799}.Debug|x86.Deploy.0 = Debug|Any CPU
		{EF30441C-ABC9-4F76-95C7-9E6C345D5799}.Release|Any CPU.ActiveCfg = Release|Any CPU
		{EF30441C-ABC9-4F76-95C7-9E6C345D5799}.Release|Any CPU.Build.0 = Release|Any CPU
		{EF30441C-ABC9-4F76-95C7-9E6C345D5799}.Release|Any CPU.Deploy.0 = Release|Any CPU
		{EF30441C-ABC9-4F76-95C7-9E6C345D5799}.Release|x64.ActiveCfg = Release|Any CPU
		{EF30441C-ABC9-4F76-95C7-9E6C345D5799}.Release|x64.Build.0 = Release|Any CPU
		{EF30441C-ABC9-4F76-95C7-9E6C345D5799}.Release|x64.Deploy.0 = Release|Any CPU
		{EF30441C-ABC9-4F76-95C7-9E6C345D5799}.Release|x86.ActiveCfg = Release|Any CPU
		{EF30441C-ABC9-4F76-95C7-9E6C345D5799}.Release|x86.Build.0 = Release|Any CPU
		{EF30441C-ABC9-4F76-95C7-9E6C345D5799}.Release|x86.Deploy.0 = Release|Any CPU
	EndGlobalSection
	GlobalSection(SolutionProperties) = preSolution
		HideSolutionNode = FALSE
	EndGlobalSection
	GlobalSection(NestedProjects) = preSolution
		{00FD0DC4-9613-4F38-AEEE-26AC1DB93BB4} = {81E5BC46-541C-438E-84CE-17C2203308EF}
		{A97CB8A0-19E8-42F0-956D-BFFE7E9B2FFF} = {ECDE72B4-12B7-4B77-BF05-AFCEF8C97067}
		{81E5BC46-541C-438E-84CE-17C2203308EF} = {C29530D3-4AFB-4BE4-89B5-7E8E241A62A4}
		{ECDE72B4-12B7-4B77-BF05-AFCEF8C97067} = {C29530D3-4AFB-4BE4-89B5-7E8E241A62A4}
		{3B5B7220-2F81-4AB0-8958-610D403A37A6} = {C29530D3-4AFB-4BE4-89B5-7E8E241A62A4}
		{34DB4B70-75DF-4D1A-B17B-F19307C26BC8} = {3B5B7220-2F81-4AB0-8958-610D403A37A6}
		{918C535C-B3A2-41E5-950F-187BC08034AA} = {C29530D3-4AFB-4BE4-89B5-7E8E241A62A4}
		{9E73EEFD-F6CA-4614-AD39-41A8F9747661} = {918C535C-B3A2-41E5-950F-187BC08034AA}
		{4F7B8DB7-B06A-47E3-BA60-251C7B6A455D} = {C29530D3-4AFB-4BE4-89B5-7E8E241A62A4}
		{0E308C3C-4B8C-4E16-8BE5-064CCFA91797} = {4F7B8DB7-B06A-47E3-BA60-251C7B6A455D}
		{30B0D668-B9F9-447B-82E3-5741C7759B09} = {C29530D3-4AFB-4BE4-89B5-7E8E241A62A4}
		{C39941D1-21D6-42F1-AFC7-66C297F097ED} = {30B0D668-B9F9-447B-82E3-5741C7759B09}
		{42405B43-4A39-406F-9870-D3D87E7C6E3C} = {6432C47F-262F-4D0A-80E2-9F331243F39D}
		{5248A85C-9BE7-4ED2-A4A8-C14423D90734} = {42405B43-4A39-406F-9870-D3D87E7C6E3C}
		{E4B5C93F-583D-469A-A635-518EA77C0B7F} = {5248A85C-9BE7-4ED2-A4A8-C14423D90734}
		{D6F0F6D1-9202-4736-A10E-70F794D4ED10} = {C29530D3-4AFB-4BE4-89B5-7E8E241A62A4}
		{4F9B0E8F-DF68-4563-8E9C-E4DC7ACC776C} = {D6F0F6D1-9202-4736-A10E-70F794D4ED10}
		{EB175E20-29E8-41DE-B1B4-0BC0185223E6} = {B8AE942F-9D37-423B-9511-9C4229C463FB}
		{6F566AB4-F602-4756-BA51-7B43D6A664C6} = {B8AE942F-9D37-423B-9511-9C4229C463FB}
		{B111FCF9-4047-4103-85CA-F03579090A84} = {616EA6CC-93D4-4BF3-BA42-2F87BA0258F3}
		{A18954F9-AD25-4C62-B43D-B2DF5DE44329} = {616EA6CC-93D4-4BF3-BA42-2F87BA0258F3}
		{80F0B04D-C606-4971-9687-BB6F64E937DB} = {616EA6CC-93D4-4BF3-BA42-2F87BA0258F3}
		{BC5A3EC8-8F05-489F-9C41-D345C794DBF7} = {616EA6CC-93D4-4BF3-BA42-2F87BA0258F3}
		{B59C86CE-C783-4F5F-BD9C-8FF0452B2DC4} = {616EA6CC-93D4-4BF3-BA42-2F87BA0258F3}
		{F3C1B813-F896-471C-8C01-4ADF63E532AC} = {616EA6CC-93D4-4BF3-BA42-2F87BA0258F3}
		{6EC080E9-1D7E-4B61-84E0-C275BD47BB3D} = {616EA6CC-93D4-4BF3-BA42-2F87BA0258F3}
		{C0DF981A-0BB5-4538-BAB8-9152136A4AF5} = {616EA6CC-93D4-4BF3-BA42-2F87BA0258F3}
		{16866B89-1036-4CA7-8A63-07634A2FCBF1} = {616EA6CC-93D4-4BF3-BA42-2F87BA0258F3}
		{42D15093-82CF-4992-939F-3805AB3A6F5A} = {616EA6CC-93D4-4BF3-BA42-2F87BA0258F3}
		{856B5AB3-07C0-4C98-9202-0AA29852BAB9} = {616EA6CC-93D4-4BF3-BA42-2F87BA0258F3}
		{D97C4F7C-952D-4EB4-8985-BD17F37B3B9E} = {616EA6CC-93D4-4BF3-BA42-2F87BA0258F3}
		{48D51484-228D-487B-B718-C5C5335FD31B} = {2D64CC52-29C4-4F1B-B2BD-E4DE28BBBF17}
		{2D64CC52-29C4-4F1B-B2BD-E4DE28BBBF17} = {616EA6CC-93D4-4BF3-BA42-2F87BA0258F3}
		{EF30441C-ABC9-4F76-95C7-9E6C345D5799} = {616EA6CC-93D4-4BF3-BA42-2F87BA0258F3}
	EndGlobalSection
	GlobalSection(ExtensibilityGlobals) = postSolution
		SolutionGuid = {2E2DA32F-0FC6-4252-9FC0-CD664838E829}
	EndGlobalSection
EndGlobal
